{
  "version": 4,
  "terraform_version": "0.14.6",
  "serial": 49,
  "lineage": "6d208db3-9db6-9468-8c3f-e07f6282fbf4",
  "outputs": {},
  "resources": [
    {
      "mode": "data",
      "type": "aws_route53_zone",
      "name": "webapp_root",
      "provider": "provider[\"registry.terraform.io/hashicorp/aws\"].infra_webapp",
      "instances": [
        {
          "schema_version": 0,
          "attributes": {
            "caller_reference": "terraform-20210324193959298100000001",
            "comment": "Managed by Terraform",
            "id": "Z03571232JAUJ5ZHSHW8I",
            "linked_service_description": null,
            "linked_service_principal": null,
            "name": "app.logbuddy.io",
            "name_servers": [
              "ns-2027.awsdns-61.co.uk",
              "ns-865.awsdns-44.net",
              "ns-500.awsdns-62.com",
              "ns-1215.awsdns-23.org"
            ],
            "private_zone": false,
            "resource_record_set_count": 2,
            "tags": {},
            "vpc_id": null,
            "zone_id": "Z03571232JAUJ5ZHSHW8I"
          },
          "sensitive_attributes": []
        }
      ]
    },
    {
      "mode": "managed",
      "type": "aws_acm_certificate",
      "name": "root_domain",
      "provider": "provider[\"registry.terraform.io/hashicorp/aws\"].us_east_1",
      "instances": [
        {
          "schema_version": 0,
          "attributes": {
            "arn": "arn:aws:acm:us-east-1:829748688443:certificate/a71344cb-79e2-4a9f-b144-e12168511756",
            "certificate_authority_arn": "",
            "certificate_body": null,
            "certificate_chain": null,
            "domain_name": "logbuddy.io",
            "domain_validation_options": [
              {
                "domain_name": "*.logbuddy.io",
                "resource_record_name": "_a7d876ffa4f55b9891617dc0db9eb3ee.logbuddy.io.",
                "resource_record_type": "CNAME",
                "resource_record_value": "_69b9ae4e72730dbd21795c555fdcebe9.zjfbrrwmzc.acm-validations.aws."
              },
              {
                "domain_name": "logbuddy.io",
                "resource_record_name": "_a7d876ffa4f55b9891617dc0db9eb3ee.logbuddy.io.",
                "resource_record_type": "CNAME",
                "resource_record_value": "_69b9ae4e72730dbd21795c555fdcebe9.zjfbrrwmzc.acm-validations.aws."
              }
            ],
            "id": "arn:aws:acm:us-east-1:829748688443:certificate/a71344cb-79e2-4a9f-b144-e12168511756",
            "options": [
              {
                "certificate_transparency_logging_preference": "ENABLED"
              }
            ],
            "private_key": null,
            "status": "ISSUED",
            "subject_alternative_names": [
              "*.logbuddy.io"
            ],
            "tags": {},
            "validation_emails": [],
            "validation_method": "DNS"
          },
          "sensitive_attributes": [],
          "private": "bnVsbA==",
          "dependencies": [
            "aws_route53_zone.root"
          ]
        }
      ]
    },
    {
      "mode": "managed",
      "type": "aws_acm_certificate_validation",
      "name": "root_domain",
      "provider": "provider[\"registry.terraform.io/hashicorp/aws\"].us_east_1",
      "instances": [
        {
          "schema_version": 0,
          "attributes": {
            "certificate_arn": "arn:aws:acm:us-east-1:829748688443:certificate/a71344cb-79e2-4a9f-b144-e12168511756",
            "id": "2021-03-25 06:46:47 +0000 UTC",
            "timeouts": null,
            "validation_record_fqdns": [
              "_a7d876ffa4f55b9891617dc0db9eb3ee.logbuddy.io"
            ]
          },
          "sensitive_attributes": [],
          "private": "eyJlMmJmYjczMC1lY2FhLTExZTYtOGY4OC0zNDM2M2JjN2M0YzAiOnsiY3JlYXRlIjoyNzAwMDAwMDAwMDAwfX0=",
          "dependencies": [
            "aws_acm_certificate.root_domain",
            "aws_route53_record.acm_certificate_validation_root_domain",
            "aws_route53_zone.root"
          ]
        }
      ]
    },
    {
      "mode": "managed",
      "type": "aws_cloudfront_distribution",
      "name": "website",
      "provider": "provider[\"registry.terraform.io/hashicorp/aws\"]",
      "instances": [
        {
          "schema_version": 1,
          "attributes": {
            "aliases": [
              "logbuddy.io",
              "www.logbuddy.io"
            ],
            "arn": "arn:aws:cloudfront::829748688443:distribution/E2TEBBBMAH03WK",
            "caller_reference": "terraform-20210325064635439700000001",
            "comment": null,
            "custom_error_response": [],
            "default_cache_behavior": [
              {
                "allowed_methods": [
                  "GET",
                  "HEAD",
                  "OPTIONS"
                ],
                "cache_policy_id": "",
                "cached_methods": [
                  "GET",
                  "HEAD",
                  "OPTIONS"
                ],
                "compress": true,
                "default_ttl": 0,
                "field_level_encryption_id": "",
                "forwarded_values": [
                  {
                    "cookies": [
                      {
                        "forward": "all",
                        "whitelisted_names": []
                      }
                    ],
                    "headers": [
                      "Access-Control-Request-Headers",
                      "Access-Control-Request-Method",
                      "Origin"
                    ],
                    "query_string": true,
                    "query_string_cache_keys": []
                  }
                ],
                "lambda_function_association": [],
                "max_ttl": 0,
                "min_ttl": 0,
                "origin_request_policy_id": "",
                "realtime_log_config_arn": "",
                "smooth_streaming": false,
                "target_origin_id": "S3-herodot-infra-company-prod-website",
                "trusted_signers": [],
                "viewer_protocol_policy": "redirect-to-https"
              }
            ],
            "default_root_object": "",
            "domain_name": "d1uu09cz4ljusv.cloudfront.net",
            "enabled": true,
            "etag": "E5OUHCGMI6HGX",
            "hosted_zone_id": "Z2FDTNDATAQYW2",
            "http_version": "http2",
            "id": "E2TEBBBMAH03WK",
            "in_progress_validation_batches": 0,
            "is_ipv6_enabled": true,
            "last_modified_time": "2021-03-25 07:47:20.447 +0000 UTC",
            "logging_config": [],
            "ordered_cache_behavior": [],
            "origin": [
              {
                "custom_header": [],
                "custom_origin_config": [
                  {
                    "http_port": 80,
                    "https_port": 443,
                    "origin_keepalive_timeout": 5,
                    "origin_protocol_policy": "http-only",
                    "origin_read_timeout": 30,
                    "origin_ssl_protocols": [
                      "TLSv1",
                      "TLSv1.1",
                      "TLSv1.2"
                    ]
                  }
                ],
                "domain_name": "herodot-infra-company-prod-website.s3-website-us-west-1.amazonaws.com",
                "origin_id": "S3-herodot-infra-company-prod-website",
                "origin_path": "",
                "s3_origin_config": []
              }
            ],
            "origin_group": [],
            "price_class": "PriceClass_All",
            "restrictions": [
              {
                "geo_restriction": [
                  {
                    "locations": [],
                    "restriction_type": "none"
                  }
                ]
              }
            ],
            "retain_on_delete": false,
            "status": "Deployed",
            "tags": {},
            "trusted_signers": [
              {
                "enabled": false,
                "items": []
              }
            ],
            "viewer_certificate": [
              {
                "acm_certificate_arn": "arn:aws:acm:us-east-1:829748688443:certificate/a71344cb-79e2-4a9f-b144-e12168511756",
                "cloudfront_default_certificate": false,
                "iam_certificate_id": "",
                "minimum_protocol_version": "TLSv1.1_2016",
                "ssl_support_method": "sni-only"
              }
            ],
            "wait_for_deployment": true,
            "web_acl_id": ""
          },
          "sensitive_attributes": [],
          "private": "eyJzY2hlbWFfdmVyc2lvbiI6IjEifQ==",
          "dependencies": [
            "aws_acm_certificate.root_domain",
            "aws_route53_zone.root",
            "aws_s3_bucket.website"
          ]
        }
      ]
    },
    {
      "mode": "managed",
      "type": "aws_route53_record",
      "name": "acm_certificate_validation_root_domain",
      "provider": "provider[\"registry.terraform.io/hashicorp/aws\"]",
      "instances": [
        {
          "index_key": "*.logbuddy.io",
          "schema_version": 2,
          "attributes": {
            "alias": [],
            "allow_overwrite": true,
            "failover_routing_policy": [],
            "fqdn": "_a7d876ffa4f55b9891617dc0db9eb3ee.logbuddy.io",
            "geolocation_routing_policy": [],
            "health_check_id": "",
            "id": "Z03930062DUZFPTJ5HGB1__a7d876ffa4f55b9891617dc0db9eb3ee.logbuddy.io._CNAME",
            "latency_routing_policy": [],
            "multivalue_answer_routing_policy": null,
            "name": "_a7d876ffa4f55b9891617dc0db9eb3ee.logbuddy.io",
            "records": [
              "_69b9ae4e72730dbd21795c555fdcebe9.zjfbrrwmzc.acm-validations.aws."
            ],
            "set_identifier": "",
            "ttl": 60,
            "type": "CNAME",
            "weighted_routing_policy": [],
            "zone_id": "Z03930062DUZFPTJ5HGB1"
          },
          "sensitive_attributes": [],
          "private": "eyJzY2hlbWFfdmVyc2lvbiI6IjIifQ==",
          "dependencies": [
            "aws_acm_certificate.root_domain",
            "aws_route53_zone.root"
          ]
        },
        {
          "index_key": "logbuddy.io",
          "schema_version": 2,
          "attributes": {
            "alias": [],
            "allow_overwrite": true,
            "failover_routing_policy": [],
            "fqdn": "_a7d876ffa4f55b9891617dc0db9eb3ee.logbuddy.io",
            "geolocation_routing_policy": [],
            "health_check_id": "",
            "id": "Z03930062DUZFPTJ5HGB1__a7d876ffa4f55b9891617dc0db9eb3ee.logbuddy.io._CNAME",
            "latency_routing_policy": [],
            "multivalue_answer_routing_policy": null,
            "name": "_a7d876ffa4f55b9891617dc0db9eb3ee.logbuddy.io",
            "records": [
              "_69b9ae4e72730dbd21795c555fdcebe9.zjfbrrwmzc.acm-validations.aws."
            ],
            "set_identifier": "",
            "ttl": 60,
            "type": "CNAME",
            "weighted_routing_policy": [],
            "zone_id": "Z03930062DUZFPTJ5HGB1"
          },
          "sensitive_attributes": [],
          "private": "eyJzY2hlbWFfdmVyc2lvbiI6IjIifQ==",
          "dependencies": [
            "aws_acm_certificate.root_domain",
            "aws_route53_zone.root"
          ]
        }
      ]
    },
    {
      "mode": "managed",
      "type": "aws_route53_record",
      "name": "root_cloudfront_alias",
      "provider": "provider[\"registry.terraform.io/hashicorp/aws\"]",
      "instances": [
        {
          "schema_version": 2,
          "attributes": {
            "alias": [
              {
                "evaluate_target_health": false,
                "name": "d1uu09cz4ljusv.cloudfront.net",
                "zone_id": "Z2FDTNDATAQYW2"
              }
            ],
            "allow_overwrite": null,
            "failover_routing_policy": [],
            "fqdn": "logbuddy.io",
            "geolocation_routing_policy": [],
            "health_check_id": "",
            "id": "Z03930062DUZFPTJ5HGB1__A",
            "latency_routing_policy": [],
            "multivalue_answer_routing_policy": null,
            "name": "",
            "records": [],
            "set_identifier": "",
            "ttl": 0,
            "type": "A",
            "weighted_routing_policy": [],
            "zone_id": "Z03930062DUZFPTJ5HGB1"
          },
          "sensitive_attributes": [],
          "private": "eyJzY2hlbWFfdmVyc2lvbiI6IjIifQ==",
          "dependencies": [
            "aws_acm_certificate.root_domain",
            "aws_cloudfront_distribution.website",
            "aws_route53_zone.root",
            "aws_s3_bucket.website"
          ]
        }
      ]
    },
    {
      "mode": "managed",
      "type": "aws_route53_record",
      "name": "root_cloudfront_alias_www",
      "provider": "provider[\"registry.terraform.io/hashicorp/aws\"]",
      "instances": [
        {
          "schema_version": 2,
          "attributes": {
            "alias": [
              {
                "evaluate_target_health": false,
                "name": "d1uu09cz4ljusv.cloudfront.net",
                "zone_id": "Z2FDTNDATAQYW2"
              }
            ],
            "allow_overwrite": null,
            "failover_routing_policy": [],
            "fqdn": "www.logbuddy.io",
            "geolocation_routing_policy": [],
            "health_check_id": "",
            "id": "Z03930062DUZFPTJ5HGB1_www_A",
            "latency_routing_policy": [],
            "multivalue_answer_routing_policy": null,
            "name": "www",
            "records": [],
            "set_identifier": "",
            "ttl": 0,
            "type": "A",
            "weighted_routing_policy": [],
            "zone_id": "Z03930062DUZFPTJ5HGB1"
          },
          "sensitive_attributes": [],
          "private": "eyJzY2hlbWFfdmVyc2lvbiI6IjIifQ==",
          "dependencies": [
            "aws_acm_certificate.root_domain",
            "aws_cloudfront_distribution.website",
            "aws_route53_zone.root",
            "aws_s3_bucket.website"
          ]
        }
      ]
    },
    {
      "mode": "managed",
      "type": "aws_route53_record",
      "name": "root_webapp_subdomain",
      "provider": "provider[\"registry.terraform.io/hashicorp/aws\"]",
      "instances": [
        {
          "schema_version": 2,
          "attributes": {
            "alias": [],
            "allow_overwrite": null,
            "failover_routing_policy": [],
            "fqdn": "app.logbuddy.io",
            "geolocation_routing_policy": [],
            "health_check_id": "",
            "id": "Z03930062DUZFPTJ5HGB1_app.logbuddy.io._NS",
            "latency_routing_policy": [],
            "multivalue_answer_routing_policy": null,
            "name": "app.logbuddy.io",
            "records": [
              "ns-1215.awsdns-23.org",
              "ns-2027.awsdns-61.co.uk",
              "ns-500.awsdns-62.com",
              "ns-865.awsdns-44.net"
            ],
            "set_identifier": "",
            "ttl": 900,
            "type": "NS",
            "weighted_routing_policy": [],
            "zone_id": "Z03930062DUZFPTJ5HGB1"
          },
          "sensitive_attributes": [],
          "private": "eyJzY2hlbWFfdmVyc2lvbiI6IjIifQ==",
          "dependencies": [
            "aws_route53_zone.root",
            "data.aws_route53_zone.webapp_root"
          ]
        }
      ]
    },
    {
      "mode": "managed",
      "type": "aws_route53_zone",
      "name": "root",
      "provider": "provider[\"registry.terraform.io/hashicorp/aws\"]",
      "instances": [
        {
          "schema_version": 0,
          "attributes": {
            "comment": "Managed by Terraform",
            "delegation_set_id": "",
            "force_destroy": false,
            "id": "Z03930062DUZFPTJ5HGB1",
            "name": "logbuddy.io",
            "name_servers": [
              "ns-1334.awsdns-38.org",
              "ns-1872.awsdns-42.co.uk",
              "ns-336.awsdns-42.com",
              "ns-755.awsdns-30.net"
            ],
            "tags": {},
            "vpc": [],
            "zone_id": "Z03930062DUZFPTJ5HGB1"
          },
          "sensitive_attributes": [],
          "private": "bnVsbA=="
        }
      ]
    },
    {
      "mode": "managed",
      "type": "aws_s3_bucket",
      "name": "website",
      "provider": "provider[\"registry.terraform.io/hashicorp/aws\"]",
      "instances": [
        {
          "schema_version": 0,
          "attributes": {
            "acceleration_status": "",
            "acl": "public-read",
            "arn": "arn:aws:s3:::herodot-infra-company-prod-website",
            "bucket": "herodot-infra-company-prod-website",
            "bucket_domain_name": "herodot-infra-company-prod-website.s3.amazonaws.com",
            "bucket_prefix": null,
            "bucket_regional_domain_name": "herodot-infra-company-prod-website.s3.us-west-1.amazonaws.com",
            "cors_rule": [],
            "force_destroy": false,
            "grant": [],
            "hosted_zone_id": "Z2F56UZL2M1ACD",
            "id": "herodot-infra-company-prod-website",
            "lifecycle_rule": [],
            "logging": [],
            "object_lock_configuration": [],
            "policy": null,
            "region": "us-west-1",
            "replication_configuration": [],
            "request_payer": "BucketOwner",
            "server_side_encryption_configuration": [],
            "tags": {},
            "versioning": [
              {
                "enabled": false,
                "mfa_delete": false
              }
            ],
            "website": [
              {
                "error_document": "error.html",
                "index_document": "index.html",
                "redirect_all_requests_to": "",
                "routing_rules": ""
              }
            ],
            "website_domain": "s3-website-us-west-1.amazonaws.com",
            "website_endpoint": "herodot-infra-company-prod-website.s3-website-us-west-1.amazonaws.com"
          },
          "sensitive_attributes": [],
          "private": "bnVsbA=="
        }
      ]
    },
    {
      "mode": "managed",
      "type": "aws_s3_bucket_object",
      "name": "website_content",
      "provider": "provider[\"registry.terraform.io/hashicorp/aws\"]",
      "instances": [
        {
          "index_key": "error.html",
          "schema_version": 0,
          "attributes": {
            "acl": "public-read",
            "bucket": "herodot-infra-company-prod-website",
            "cache_control": "",
            "content": null,
            "content_base64": null,
            "content_disposition": "",
            "content_encoding": "",
            "content_language": "",
            "content_type": "text/html",
            "etag": "cfa970128f4553831d4d7c13b9a10694",
            "force_destroy": false,
            "id": "error.html",
            "key": "error.html",
            "kms_key_id": null,
            "metadata": {},
            "object_lock_legal_hold_status": "",
            "object_lock_mode": "",
            "object_lock_retain_until_date": "",
            "server_side_encryption": "",
            "source": "../../src/error.html",
            "storage_class": "STANDARD",
            "tags": {},
            "version_id": "",
            "website_redirect": ""
          },
          "sensitive_attributes": [],
          "private": "bnVsbA==",
          "dependencies": [
            "aws_s3_bucket.website"
          ]
        },
        {
          "index_key": "index.html",
          "schema_version": 0,
          "attributes": {
            "acl": "public-read",
            "bucket": "herodot-infra-company-prod-website",
            "cache_control": "",
            "content": null,
            "content_base64": null,
            "content_disposition": "",
            "content_encoding": "",
            "content_language": "",
            "content_type": "text/html",
            "etag": "cfa970128f4553831d4d7c13b9a10694",
            "force_destroy": false,
            "id": "index.html",
            "key": "index.html",
            "kms_key_id": null,
            "metadata": {},
            "object_lock_legal_hold_status": "",
            "object_lock_mode": "",
            "object_lock_retain_until_date": "",
            "server_side_encryption": "",
            "source": "../../src/index.html",
            "storage_class": "STANDARD",
            "tags": {},
            "version_id": "",
            "website_redirect": ""
          },
          "sensitive_attributes": [],
          "private": "bnVsbA==",
          "dependencies": [
            "aws_s3_bucket.website"
          ]
        }
      ]
    }
  ]
}
