{
  "version": 4,
  "terraform_version": "0.14.6",
  "serial": 3,
  "lineage": "6d208db3-9db6-9468-8c3f-e07f6282fbf4",
  "outputs": {},
  "resources": [
    {
      "mode": "managed",
      "type": "aws_route53_zone",
      "name": "root",
      "provider": "provider[\"registry.terraform.io/hashicorp/aws\"]",
      "instances": [
        {
          "schema_version": 0,
          "attributes": {
            "comment": "Managed by Terraform",
            "delegation_set_id": "",
            "force_destroy": false,
            "id": "Z03930062DUZFPTJ5HGB1",
            "name": "logbuddy.io",
            "name_servers": [
              "ns-1334.awsdns-38.org",
              "ns-1872.awsdns-42.co.uk",
              "ns-336.awsdns-42.com",
              "ns-755.awsdns-30.net"
            ],
            "tags": null,
            "vpc": [],
            "zone_id": "Z03930062DUZFPTJ5HGB1"
          },
          "sensitive_attributes": [],
          "private": "bnVsbA=="
        }
      ]
    }
  ]
}
